
Microsoft Visual Studio Solution File, Format Version 12.00
# Visual Studio Version 17
VisualStudioVersion = 17.8.34330.188
MinimumVisualStudioVersion = 10.0.40219.1
Project("{FAE04EC0-301F-11D3-BF4B-00C04F79EFBC}") = "CalculadoraProject", "Calculadora\CalculadoraProject.csproj", "{7E9FFF1A-E454-4D19-93D1-2E152E2E0019}"
EndProject
Project("{FAE04EC0-301F-11D3-BF4B-00C04F79EFBC}") = "CalculadoraTest", "CalculadoraTest\CalculadoraTest.csproj", "{6FB24495-008F-4676-9202-11AC99185F2C}"
EndProject
Global
	GlobalSection(SolutionConfigurationPlatforms) = preSolution
		Debug|Any CPU = Debug|Any CPU
		Release|Any CPU = Release|Any CPU
	EndGlobalSection
	GlobalSection(ProjectConfigurationPlatforms) = postSolution
		{7E9FFF1A-E454-4D19-93D1-2E152E2E0019}.Debug|Any CPU.ActiveCfg = Debug|Any CPU
		{7E9FFF1A-E454-4D19-93D1-2E152E2E0019}.Debug|Any CPU.Build.0 = Debug|Any CPU
		{7E9FFF1A-E454-4D19-93D1-2E152E2E0019}.Release|Any CPU.ActiveCfg = Release|Any CPU
		{7E9FFF1A-E454-4D19-93D1-2E152E2E0019}.Release|Any CPU.Build.0 = Release|Any CPU
		{6FB24495-008F-4676-9202-11AC99185F2C}.Debug|Any CPU.ActiveCfg = Debug|Any CPU
		{6FB24495-008F-4676-9202-11AC99185F2C}.Debug|Any CPU.Build.0 = Debug|Any CPU
		{6FB24495-008F-4676-9202-11AC99185F2C}.Release|Any CPU.ActiveCfg = Release|Any CPU
		{6FB24495-008F-4676-9202-11AC99185F2C}.Release|Any CPU.Build.0 = Release|Any CPU
	EndGlobalSection
	GlobalSection(SolutionProperties) = preSolution
		HideSolutionNode = FALSE
	EndGlobalSection
	GlobalSection(ExtensibilityGlobals) = postSolution
		SolutionGuid = {BADF4E10-B0A4-4577-A088-D26F6A159E0F}
	EndGlobalSection
EndGlobal
